{
  "name": "combo",
  "version": "1.0.0",
  "lockfileVersion": 2,
  "requires": true,
  "packages": {
    "": {
      "name": "combo",
      "version": "1.0.0",
      "license": "MIT",
      "dependencies": {
        "lookpath": "^1.2.2"
      },
      "bin": {
        "combo": "index.js"
      }
    },
    "node_modules/lookpath": {
      "version": "1.2.2",
      "resolved": "https://registry.npmjs.org/lookpath/-/lookpath-1.2.2.tgz",
      "integrity": "sha512-k2Gmn8iV6qdME3ztZC2spubmQISimFOPLuQKiPaLcVdRz0IpdxrNClVepMlyTJlhodm/zG/VfbkWERm3kUIh+Q==",
      "bin": {
        "lookpath": "bin/lookpath.js"
      },
      "engines": {
        "npm": ">=6.13.4"
      }
    }
  },
  "dependencies": {
    "lookpath": {
      "version": "1.2.2",
      "resolved": "https://registry.npmjs.org/lookpath/-/lookpath-1.2.2.tgz",
      "integrity": "sha512-k2Gmn8iV6qdME3ztZC2spubmQISimFOPLuQKiPaLcVdRz0IpdxrNClVepMlyTJlhodm/zG/VfbkWERm3kUIh+Q=="
    }
  }
}
